{
  "version": 4,
  "terraform_version": "1.0.1",
  "serial": 4,
  "lineage": "8337234e-d64b-0479-60ee-761e256ba09b",
  "outputs": {
    "linode_ip": {
      "value": "172.105.129.64",
      "type": "string"
    }
  },
  "resources": [
    {
      "mode": "managed",
      "type": "linode_instance",
      "name": "terraform-web",
      "provider": "provider[\"registry.terraform.io/linode/linode\"]",
      "instances": [
        {
          "schema_version": 0,
          "attributes": {
            "alerts": [
              {
                "cpu": 90,
                "io": 10000,
                "network_in": 10,
                "network_out": 10,
                "transfer_quota": 80
              }
            ],
            "authorized_keys": [
              "ssh-rsa AAAAB3NzaC1yc2EAAAADAQABAAACAQCbrWSwOU7hZbxzrKL8fv9o9HXH2FaxQRtcmwXG5vf0vMezUs65Fp5+3dy1xh79fCf2ldeI1JFxBTih427L0hcGUFftB7Uadw4hwhMQ5t1Z4IFjZIQX4XbodvtaddIgTGVhRP13K8nrnDh/y4PXcn5t0Ujh7Hisg/JeQFCrb5mJ6ebY4csE8nRKK2IKt/Nv2ck6pURS9pZXuXF8JiMmtrKS5sDQWyX5FI6Y/Djj+CdWUE5QuyBfZRw3Dv+Sn+/nj0QrJb7In09HZnYApOMpCLrhn7RaREGeHGZzSBH7H2ps6Qj2WMeO2HU8pECc2nhiBltAORDkVb9UAId+CXb3pAdiCghwbzQ2IMGHUngtre/AX1J3Ozo9fknFMqsl/ubkEkXDBDMtCx4QW5ELh6yISRfAhiqva7bRVdW6F6+H4XgyALH+e28S+txWh3d4uNhQe3wX4DEXhpJXIPuRyCJ0k9Mo4zRkqgvVon2zHm3WqBCekCngXxDkV851pfbq04lWx0epQtYyIUWgBNuohmuH+lXbRf7zlBHARkEwlr8fV56lu9/E3DbsQyFo8kQlSfYjeNqi/Fxrk3zHu/4gx/ceQrD2XPz6Ik7uekWEGAffz9JKPSHG1bnsLpFiCo9BdX8Hea/ZRcdWccUOPmNbY3v52mNh2i/yYYB9hqn5bzQAWEbgZw== kaien@DESKTOP-ESDUJCG"
            ],
            "authorized_users": null,
            "backup_id": null,
            "backups": [
              {
                "enabled": false,
                "schedule": [
                  {
                    "day": "",
                    "window": ""
                  }
                ]
              }
            ],
            "backups_enabled": false,
            "boot_config_label": "My Ubuntu 22.04 LTS Disk Profile",
            "booted": true,
            "config": [
              {
                "comments": "",
                "devices": [
                  {
                    "sda": [
                      {
                        "disk_id": 83687771,
                        "disk_label": "Ubuntu 22.04 LTS Disk",
                        "volume_id": 0
                      }
                    ],
                    "sdb": [
                      {
                        "disk_id": 83687772,
                        "disk_label": "512 MB Swap Image",
                        "volume_id": 0
                      }
                    ],
                    "sdc": [],
                    "sdd": [],
                    "sde": [],
                    "sdf": [],
                    "sdg": [],
                    "sdh": []
                  }
                ],
                "helpers": [
                  {
                    "devtmpfs_automount": true,
                    "distro": true,
                    "modules_dep": true,
                    "network": true,
                    "updatedb_disabled": true
                  }
                ],
                "interface": [],
                "kernel": "linode/grub2",
                "label": "My Ubuntu 22.04 LTS Disk Profile",
                "memory_limit": 0,
                "root_device": "/dev/sda",
                "run_level": "default",
                "virt_mode": "paravirt"
              }
            ],
            "disk": [
              {
                "authorized_keys": [],
                "authorized_users": [],
                "filesystem": "ext4",
                "id": 83687771,
                "image": "",
                "label": "Ubuntu 22.04 LTS Disk",
                "read_only": false,
                "root_pass": "",
                "size": 25088,
                "stackscript_data": {},
                "stackscript_id": 0
              },
              {
                "authorized_keys": [],
                "authorized_users": [],
                "filesystem": "swap",
                "id": 83687772,
                "image": "",
                "label": "512 MB Swap Image",
                "read_only": false,
                "root_pass": "",
                "size": 512,
                "stackscript_data": {},
                "stackscript_id": 0
              }
            ],
            "group": "",
            "id": "41849029",
            "image": "linode/ubuntu22.04",
            "interface": [],
            "ip_address": "172.105.129.64",
            "ipv4": [
              "172.105.129.64"
            ],
            "ipv6": "2600:3c03::f03c:93ff:fed8:480d/128",
            "label": "rcarroll.dev",
            "private_ip": false,
            "private_ip_address": null,
            "region": "us-east",
            "resize_disk": false,
            "root_pass": null,
            "shared_ipv4": [],
            "specs": [
              {
                "disk": 25600,
                "memory": 1024,
                "transfer": 1000,
                "vcpus": 1
              }
            ],
            "stackscript_data": null,
            "stackscript_id": null,
            "status": "running",
            "swap_size": 512,
            "tags": null,
            "timeouts": null,
            "type": "g6-nanode-1",
            "watchdog_enabled": true
          },
          "sensitive_attributes": [],
          "private": "eyJlMmJmYjczMC1lY2FhLTExZTYtOGY4OC0zNDM2M2JjN2M0YzAiOnsiY3JlYXRlIjo2MDAwMDAwMDAwMDAsImRlbGV0ZSI6NjAwMDAwMDAwMDAwLCJ1cGRhdGUiOjEyMDAwMDAwMDAwMDB9fQ==",
          "dependencies": [
            "linode_sshkey.ubuntu_rsa"
          ]
        }
      ]
    },
    {
      "mode": "managed",
      "type": "linode_sshkey",
      "name": "ubuntu_rsa",
      "provider": "provider[\"registry.terraform.io/linode/linode\"]",
      "instances": [
        {
          "schema_version": 0,
          "attributes": {
            "created": "2023-01-19T15:11:39Z",
            "id": "249795",
            "label": "ubuntu_rsa",
            "ssh_key": "ssh-rsa AAAAB3NzaC1yc2EAAAADAQABAAACAQCbrWSwOU7hZbxzrKL8fv9o9HXH2FaxQRtcmwXG5vf0vMezUs65Fp5+3dy1xh79fCf2ldeI1JFxBTih427L0hcGUFftB7Uadw4hwhMQ5t1Z4IFjZIQX4XbodvtaddIgTGVhRP13K8nrnDh/y4PXcn5t0Ujh7Hisg/JeQFCrb5mJ6ebY4csE8nRKK2IKt/Nv2ck6pURS9pZXuXF8JiMmtrKS5sDQWyX5FI6Y/Djj+CdWUE5QuyBfZRw3Dv+Sn+/nj0QrJb7In09HZnYApOMpCLrhn7RaREGeHGZzSBH7H2ps6Qj2WMeO2HU8pECc2nhiBltAORDkVb9UAId+CXb3pAdiCghwbzQ2IMGHUngtre/AX1J3Ozo9fknFMqsl/ubkEkXDBDMtCx4QW5ELh6yISRfAhiqva7bRVdW6F6+H4XgyALH+e28S+txWh3d4uNhQe3wX4DEXhpJXIPuRyCJ0k9Mo4zRkqgvVon2zHm3WqBCekCngXxDkV851pfbq04lWx0epQtYyIUWgBNuohmuH+lXbRf7zlBHARkEwlr8fV56lu9/E3DbsQyFo8kQlSfYjeNqi/Fxrk3zHu/4gx/ceQrD2XPz6Ik7uekWEGAffz9JKPSHG1bnsLpFiCo9BdX8Hea/ZRcdWccUOPmNbY3v52mNh2i/yYYB9hqn5bzQAWEbgZw== kaien@DESKTOP-ESDUJCG"
          },
          "sensitive_attributes": [],
          "private": "bnVsbA=="
        }
      ]
    }
  ]
}
